<Solution>
  <Configurations>
    <BuildType Name="Debug" />
    <BuildType Name="Release" />
    <BuildType Name="Ship" />
    <Platform Name="x64" />
  </Configurations>
  <Project Path="Anxiety/Anxiety.vcxproj" Id="f45571f0-4a9f-4aaa-ac4b-714588d25a4a" />
  <Project Path="Rot/Rot.vcxproj" Id="f99ce805-44ed-41f5-a4da-b95d1d13bf31" />
  <Project Path="vendor/ImGui/ImGui.vcxproj" Id="7337d722-f250-497c-8d2a-22a9b376a62e" />
</Solution>
